
Microsoft Visual Studio Solution File, Format Version 12.00
# Visual Studio Version 17
VisualStudioVersion = 17.0.31903.59
MinimumVisualStudioVersion = 10.0.40219.1
Project("{FAE04EC0-301F-11D3-BF4B-00C04F79EFBC}") = "QuizMaker.Api", "QuizMaker.Api\QuizMaker.Api.csproj", "{9BA37031-8418-4AA3-925B-36CD65E919C4}"
EndProject
Project("{FAE04EC0-301F-11D3-BF4B-00C04F79EFBC}") = "QuizMaker.Models", "QuizMaker.Models\QuizMaker.Models.csproj", "{7B426407-81F7-44D0-A65F-BFE2C4FDD5C9}"
EndProject
Project("{FAE04EC0-301F-11D3-BF4B-00C04F79EFBC}") = "QuizMaker.Shared", "QuizMaker.Shared\QuizMaker.Shared.csproj", "{FA30F830-B7D8-4019-82BE-EA5CC3BC6B1E}"
EndProject
Project("{FAE04EC0-301F-11D3-BF4B-00C04F79EFBC}") = "QuizMaker.Plugins.Contract", "QuizMaker.Plugins.Contract\QuizMaker.Plugins.Contract.csproj", "{E6806363-2233-4A4D-AF57-80394A0A131D}"
EndProject
Project("{FAE04EC0-301F-11D3-BF4B-00C04F79EFBC}") = "QuizMaker.Plugins.CsvExporter", "QuizMaker.Plugins.CsvExporter\QuizMaker.Plugins.CsvExporter.csproj", "{2A8432E6-9C13-4884-8954-E7CCC8FF156D}"
EndProject
Global
	GlobalSection(SolutionConfigurationPlatforms) = preSolution
		Debug|Any CPU = Debug|Any CPU
		Debug|x64 = Debug|x64
		Debug|x86 = Debug|x86
		Release|Any CPU = Release|Any CPU
		Release|x64 = Release|x64
		Release|x86 = Release|x86
	EndGlobalSection
	GlobalSection(ProjectConfigurationPlatforms) = postSolution
		{9BA37031-8418-4AA3-925B-36CD65E919C4}.Debug|Any CPU.ActiveCfg = Debug|Any CPU
		{9BA37031-8418-4AA3-925B-36CD65E919C4}.Debug|Any CPU.Build.0 = Debug|Any CPU
		{9BA37031-8418-4AA3-925B-36CD65E919C4}.Debug|x64.ActiveCfg = Debug|Any CPU
		{9BA37031-8418-4AA3-925B-36CD65E919C4}.Debug|x64.Build.0 = Debug|Any CPU
		{9BA37031-8418-4AA3-925B-36CD65E919C4}.Debug|x86.ActiveCfg = Debug|Any CPU
		{9BA37031-8418-4AA3-925B-36CD65E919C4}.Debug|x86.Build.0 = Debug|Any CPU
		{9BA37031-8418-4AA3-925B-36CD65E919C4}.Release|Any CPU.ActiveCfg = Release|Any CPU
		{9BA37031-8418-4AA3-925B-36CD65E919C4}.Release|Any CPU.Build.0 = Release|Any CPU
		{9BA37031-8418-4AA3-925B-36CD65E919C4}.Release|x64.ActiveCfg = Release|Any CPU
		{9BA37031-8418-4AA3-925B-36CD65E919C4}.Release|x64.Build.0 = Release|Any CPU
		{9BA37031-8418-4AA3-925B-36CD65E919C4}.Release|x86.ActiveCfg = Release|Any CPU
		{9BA37031-8418-4AA3-925B-36CD65E919C4}.Release|x86.Build.0 = Release|Any CPU
		{7B426407-81F7-44D0-A65F-BFE2C4FDD5C9}.Debug|Any CPU.ActiveCfg = Debug|Any CPU
		{7B426407-81F7-44D0-A65F-BFE2C4FDD5C9}.Debug|Any CPU.Build.0 = Debug|Any CPU
		{7B426407-81F7-44D0-A65F-BFE2C4FDD5C9}.Debug|x64.ActiveCfg = Debug|Any CPU
		{7B426407-81F7-44D0-A65F-BFE2C4FDD5C9}.Debug|x64.Build.0 = Debug|Any CPU
		{7B426407-81F7-44D0-A65F-BFE2C4FDD5C9}.Debug|x86.ActiveCfg = Debug|Any CPU
		{7B426407-81F7-44D0-A65F-BFE2C4FDD5C9}.Debug|x86.Build.0 = Debug|Any CPU
		{7B426407-81F7-44D0-A65F-BFE2C4FDD5C9}.Release|Any CPU.ActiveCfg = Release|Any CPU
		{7B426407-81F7-44D0-A65F-BFE2C4FDD5C9}.Release|Any CPU.Build.0 = Release|Any CPU
		{7B426407-81F7-44D0-A65F-BFE2C4FDD5C9}.Release|x64.ActiveCfg = Release|Any CPU
		{7B426407-81F7-44D0-A65F-BFE2C4FDD5C9}.Release|x64.Build.0 = Release|Any CPU
		{7B426407-81F7-44D0-A65F-BFE2C4FDD5C9}.Release|x86.ActiveCfg = Release|Any CPU
		{7B426407-81F7-44D0-A65F-BFE2C4FDD5C9}.Release|x86.Build.0 = Release|Any CPU
		{FA30F830-B7D8-4019-82BE-EA5CC3BC6B1E}.Debug|Any CPU.ActiveCfg = Debug|Any CPU
		{FA30F830-B7D8-4019-82BE-EA5CC3BC6B1E}.Debug|Any CPU.Build.0 = Debug|Any CPU
		{FA30F830-B7D8-4019-82BE-EA5CC3BC6B1E}.Debug|x64.ActiveCfg = Debug|Any CPU
		{FA30F830-B7D8-4019-82BE-EA5CC3BC6B1E}.Debug|x64.Build.0 = Debug|Any CPU
		{FA30F830-B7D8-4019-82BE-EA5CC3BC6B1E}.Debug|x86.ActiveCfg = Debug|Any CPU
		{FA30F830-B7D8-4019-82BE-EA5CC3BC6B1E}.Debug|x86.Build.0 = Debug|Any CPU
		{FA30F830-B7D8-4019-82BE-EA5CC3BC6B1E}.Release|Any CPU.ActiveCfg = Release|Any CPU
		{FA30F830-B7D8-4019-82BE-EA5CC3BC6B1E}.Release|Any CPU.Build.0 = Release|Any CPU
		{FA30F830-B7D8-4019-82BE-EA5CC3BC6B1E}.Release|x64.ActiveCfg = Release|Any CPU
		{FA30F830-B7D8-4019-82BE-EA5CC3BC6B1E}.Release|x64.Build.0 = Release|Any CPU
		{FA30F830-B7D8-4019-82BE-EA5CC3BC6B1E}.Release|x86.ActiveCfg = Release|Any CPU
		{FA30F830-B7D8-4019-82BE-EA5CC3BC6B1E}.Release|x86.Build.0 = Release|Any CPU
		{E6806363-2233-4A4D-AF57-80394A0A131D}.Debug|Any CPU.ActiveCfg = Debug|Any CPU
		{E6806363-2233-4A4D-AF57-80394A0A131D}.Debug|Any CPU.Build.0 = Debug|Any CPU
		{E6806363-2233-4A4D-AF57-80394A0A131D}.Debug|x64.ActiveCfg = Debug|Any CPU
		{E6806363-2233-4A4D-AF57-80394A0A131D}.Debug|x64.Build.0 = Debug|Any CPU
		{E6806363-2233-4A4D-AF57-80394A0A131D}.Debug|x86.ActiveCfg = Debug|Any CPU
		{E6806363-2233-4A4D-AF57-80394A0A131D}.Debug|x86.Build.0 = Debug|Any CPU
		{E6806363-2233-4A4D-AF57-80394A0A131D}.Release|Any CPU.ActiveCfg = Release|Any CPU
		{E6806363-2233-4A4D-AF57-80394A0A131D}.Release|Any CPU.Build.0 = Release|Any CPU
		{E6806363-2233-4A4D-AF57-80394A0A131D}.Release|x64.ActiveCfg = Release|Any CPU
		{E6806363-2233-4A4D-AF57-80394A0A131D}.Release|x64.Build.0 = Release|Any CPU
		{E6806363-2233-4A4D-AF57-80394A0A131D}.Release|x86.ActiveCfg = Release|Any CPU
		{E6806363-2233-4A4D-AF57-80394A0A131D}.Release|x86.Build.0 = Release|Any CPU
		{2A8432E6-9C13-4884-8954-E7CCC8FF156D}.Debug|Any CPU.ActiveCfg = Debug|Any CPU
		{2A8432E6-9C13-4884-8954-E7CCC8FF156D}.Debug|Any CPU.Build.0 = Debug|Any CPU
		{2A8432E6-9C13-4884-8954-E7CCC8FF156D}.Debug|x64.ActiveCfg = Debug|Any CPU
		{2A8432E6-9C13-4884-8954-E7CCC8FF156D}.Debug|x64.Build.0 = Debug|Any CPU
		{2A8432E6-9C13-4884-8954-E7CCC8FF156D}.Debug|x86.ActiveCfg = Debug|Any CPU
		{2A8432E6-9C13-4884-8954-E7CCC8FF156D}.Debug|x86.Build.0 = Debug|Any CPU
		{2A8432E6-9C13-4884-8954-E7CCC8FF156D}.Release|Any CPU.ActiveCfg = Release|Any CPU
		{2A8432E6-9C13-4884-8954-E7CCC8FF156D}.Release|Any CPU.Build.0 = Release|Any CPU
		{2A8432E6-9C13-4884-8954-E7CCC8FF156D}.Release|x64.ActiveCfg = Release|Any CPU
		{2A8432E6-9C13-4884-8954-E7CCC8FF156D}.Release|x64.Build.0 = Release|Any CPU
		{2A8432E6-9C13-4884-8954-E7CCC8FF156D}.Release|x86.ActiveCfg = Release|Any CPU
		{2A8432E6-9C13-4884-8954-E7CCC8FF156D}.Release|x86.Build.0 = Release|Any CPU
	EndGlobalSection
	GlobalSection(SolutionProperties) = preSolution
		HideSolutionNode = FALSE
	EndGlobalSection
EndGlobal
